
Microsoft Visual Studio Solution File, Format Version 10.00
# Visual Studio 2008
Project("{FAE04EC0-301F-11D3-BF4B-00C04F79EFBC}") = "my_war", "my_war\my_war.csproj", "{26A546DF-7372-4B96-BE4F-7ECEA06DE1C2}"
EndProject
Project("{FAE04EC0-301F-11D3-BF4B-00C04F79EFBC}") = "ClientService", "ClientService\ClientService.csproj", "{9CCB7E9A-E339-4572-A845-671215FE1829}"
EndProject
Global
	GlobalSection(SolutionConfigurationPlatforms) = preSolution
		Debug|Any CPU = Debug|Any CPU
		Release|Any CPU = Release|Any CPU
	EndGlobalSection
	GlobalSection(ProjectConfigurationPlatforms) = postSolution
		{26A546DF-7372-4B96-BE4F-7ECEA06DE1C2}.Debug|Any CPU.ActiveCfg = Debug|Any CPU
		{26A546DF-7372-4B96-BE4F-7ECEA06DE1C2}.Debug|Any CPU.Build.0 = Debug|Any CPU
		{26A546DF-7372-4B96-BE4F-7ECEA06DE1C2}.Release|Any CPU.ActiveCfg = Release|Any CPU
		{26A546DF-7372-4B96-BE4F-7ECEA06DE1C2}.Release|Any CPU.Build.0 = Release|Any CPU
		{9CCB7E9A-E339-4572-A845-671215FE1829}.Debug|Any CPU.ActiveCfg = Debug|Any CPU
		{9CCB7E9A-E339-4572-A845-671215FE1829}.Debug|Any CPU.Build.0 = Debug|Any CPU
		{9CCB7E9A-E339-4572-A845-671215FE1829}.Release|Any CPU.ActiveCfg = Release|Any CPU
		{9CCB7E9A-E339-4572-A845-671215FE1829}.Release|Any CPU.Build.0 = Release|Any CPU
	EndGlobalSection
	GlobalSection(SolutionProperties) = preSolution
		HideSolutionNode = FALSE
	EndGlobalSection
EndGlobal
